
Microsoft Visual Studio Solution File, Format Version 12.00
# Visual Studio Version 17
VisualStudioVersion = 17.10.35027.167
MinimumVisualStudioVersion = 10.0.40219.1
Project("{FAE04EC0-301F-11D3-BF4B-00C04F79EFBC}") = "Backend.API", "meow\Backend.API.csproj", "{46BFB4F7-3E72-4FC9-BC2B-2396C523840F}"
EndProject
Project("{FAE04EC0-301F-11D3-BF4B-00C04F79EFBC}") = "Backend.Data", "Backend.Data\Backend.Data.csproj", "{DD3CDE78-51C6-493A-8D96-D74A4E8FDCE6}"
EndProject
Project("{FAE04EC0-301F-11D3-BF4B-00C04F79EFBC}") = "Backend.Service", "Backend.Service\Backend.Service.csproj", "{BF4C0DEF-6970-4100-8068-69B1E87D294D}"
EndProject
Global
	GlobalSection(SolutionConfigurationPlatforms) = preSolution
		Debug|Any CPU = Debug|Any CPU
		Release|Any CPU = Release|Any CPU
	EndGlobalSection
	GlobalSection(ProjectConfigurationPlatforms) = postSolution
		{46BFB4F7-3E72-4FC9-BC2B-2396C523840F}.Debug|Any CPU.ActiveCfg = Debug|Any CPU
		{46BFB4F7-3E72-4FC9-BC2B-2396C523840F}.Debug|Any CPU.Build.0 = Debug|Any CPU
		{46BFB4F7-3E72-4FC9-BC2B-2396C523840F}.Release|Any CPU.ActiveCfg = Release|Any CPU
		{46BFB4F7-3E72-4FC9-BC2B-2396C523840F}.Release|Any CPU.Build.0 = Release|Any CPU
		{DD3CDE78-51C6-493A-8D96-D74A4E8FDCE6}.Debug|Any CPU.ActiveCfg = Debug|Any CPU
		{DD3CDE78-51C6-493A-8D96-D74A4E8FDCE6}.Debug|Any CPU.Build.0 = Debug|Any CPU
		{DD3CDE78-51C6-493A-8D96-D74A4E8FDCE6}.Release|Any CPU.ActiveCfg = Release|Any CPU
		{DD3CDE78-51C6-493A-8D96-D74A4E8FDCE6}.Release|Any CPU.Build.0 = Release|Any CPU
		{BF4C0DEF-6970-4100-8068-69B1E87D294D}.Debug|Any CPU.ActiveCfg = Debug|Any CPU
		{BF4C0DEF-6970-4100-8068-69B1E87D294D}.Debug|Any CPU.Build.0 = Debug|Any CPU
		{BF4C0DEF-6970-4100-8068-69B1E87D294D}.Release|Any CPU.ActiveCfg = Release|Any CPU
		{BF4C0DEF-6970-4100-8068-69B1E87D294D}.Release|Any CPU.Build.0 = Release|Any CPU
	EndGlobalSection
	GlobalSection(SolutionProperties) = preSolution
		HideSolutionNode = FALSE
	EndGlobalSection
	GlobalSection(ExtensibilityGlobals) = postSolution
		SolutionGuid = {52CE0F13-C73D-4512-BBA4-2EF0DE94E354}
	EndGlobalSection
EndGlobal
